
Microsoft Visual Studio Solution File, Format Version 12.00
# Visual Studio Version 16
VisualStudioVersion = 16.0.29613.14
MinimumVisualStudioVersion = 10.0.40219.1
Project("{FAE04EC0-301F-11D3-BF4B-00C04F79EFBC}") = "Otomasyon", "Otomasyon\Otomasyon.csproj", "{C3E022FA-42F8-44E8-953E-AE53C4CA4869}"
EndProject
Project("{FAE04EC0-301F-11D3-BF4B-00C04F79EFBC}") = "EntityLayer", "EntityLayer\EntityLayer.csproj", "{439FA629-D73A-4A8A-8BAA-953E914DE9CB}"
EndProject
Project("{FAE04EC0-301F-11D3-BF4B-00C04F79EFBC}") = "DataAccessLayer", "DataAccessLayer\DataAccessLayer.csproj", "{22603646-96F0-4BE4-88A6-54EA9B8CC51B}"
EndProject
Project("{FAE04EC0-301F-11D3-BF4B-00C04F79EFBC}") = "LogicLayer", "LogicLayer\LogicLayer.csproj", "{684F7548-15C5-4BA0-80D9-AD24C4DBCF0F}"
EndProject
Global
	GlobalSection(SolutionConfigurationPlatforms) = preSolution
		Debug|Any CPU = Debug|Any CPU
		Release|Any CPU = Release|Any CPU
	EndGlobalSection
	GlobalSection(ProjectConfigurationPlatforms) = postSolution
		{C3E022FA-42F8-44E8-953E-AE53C4CA4869}.Debug|Any CPU.ActiveCfg = Debug|Any CPU
		{C3E022FA-42F8-44E8-953E-AE53C4CA4869}.Debug|Any CPU.Build.0 = Debug|Any CPU
		{C3E022FA-42F8-44E8-953E-AE53C4CA4869}.Release|Any CPU.ActiveCfg = Release|Any CPU
		{C3E022FA-42F8-44E8-953E-AE53C4CA4869}.Release|Any CPU.Build.0 = Release|Any CPU
		{439FA629-D73A-4A8A-8BAA-953E914DE9CB}.Debug|Any CPU.ActiveCfg = Debug|Any CPU
		{439FA629-D73A-4A8A-8BAA-953E914DE9CB}.Debug|Any CPU.Build.0 = Debug|Any CPU
		{439FA629-D73A-4A8A-8BAA-953E914DE9CB}.Release|Any CPU.ActiveCfg = Release|Any CPU
		{439FA629-D73A-4A8A-8BAA-953E914DE9CB}.Release|Any CPU.Build.0 = Release|Any CPU
		{22603646-96F0-4BE4-88A6-54EA9B8CC51B}.Debug|Any CPU.ActiveCfg = Debug|Any CPU
		{22603646-96F0-4BE4-88A6-54EA9B8CC51B}.Debug|Any CPU.Build.0 = Debug|Any CPU
		{22603646-96F0-4BE4-88A6-54EA9B8CC51B}.Release|Any CPU.ActiveCfg = Release|Any CPU
		{22603646-96F0-4BE4-88A6-54EA9B8CC51B}.Release|Any CPU.Build.0 = Release|Any CPU
		{684F7548-15C5-4BA0-80D9-AD24C4DBCF0F}.Debug|Any CPU.ActiveCfg = Debug|Any CPU
		{684F7548-15C5-4BA0-80D9-AD24C4DBCF0F}.Debug|Any CPU.Build.0 = Debug|Any CPU
		{684F7548-15C5-4BA0-80D9-AD24C4DBCF0F}.Release|Any CPU.ActiveCfg = Release|Any CPU
		{684F7548-15C5-4BA0-80D9-AD24C4DBCF0F}.Release|Any CPU.Build.0 = Release|Any CPU
	EndGlobalSection
	GlobalSection(SolutionProperties) = preSolution
		HideSolutionNode = FALSE
	EndGlobalSection
	GlobalSection(ExtensibilityGlobals) = postSolution
		SolutionGuid = {3CC00486-D00A-4625-8601-00A647913EB7}
	EndGlobalSection
EndGlobal
